PODS:
  - lottie-ios (3.2.3)

DEPENDENCIES:
  - lottie-ios (from `https://github.com/Aktivolabs/lottie-ios.git`, branch `main`)

EXTERNAL SOURCES:
  lottie-ios:
    :branch: main
    :git: https://github.com/Aktivolabs/lottie-ios.git

CHECKOUT OPTIONS:
  lottie-ios:
    :commit: 48b8754bd61e1cd54b2265ad5371c10a85ebd60b
    :git: https://github.com/Aktivolabs/lottie-ios.git

SPEC CHECKSUMS:
  lottie-ios: 0774151dfa439785a1f57c878ad9529baef15918

PODFILE CHECKSUM: 7e67aafec7a81630ed4690f78b1df37d21f78950

COCOAPODS: 1.14.3
